
Microsoft Visual Studio Solution File, Format Version 12.00
# Visual Studio Version 17
VisualStudioVersion = 17.4.33110.190
MinimumVisualStudioVersion = 10.0.40219.1
Project("{9A19103F-16F7-4668-BE54-9A1E7A4F7556}") = "LFEnergy", "LFEnergy.csproj", "{38EDB442-6DA9-4027-910B-36DEE37A49FD}"
EndProject
Project("{2150E333-8FDC-42A3-9474-1A3956D46DE8}") = "Solution Items", "Solution Items", "{EE42CF18-B442-41C7-88D2-838E5A2F1AF9}"
	ProjectSection(SolutionItems) = preProject
		.github\workflows\docker-publish.yml = .github\workflows\docker-publish.yml
	EndProjectSection
EndProject
Global
	GlobalSection(SolutionConfigurationPlatforms) = preSolution
		Debug|Any CPU = Debug|Any CPU
		Release|Any CPU = Release|Any CPU
	EndGlobalSection
	GlobalSection(ProjectConfigurationPlatforms) = postSolution
		{38EDB442-6DA9-4027-910B-36DEE37A49FD}.Debug|Any CPU.ActiveCfg = Debug|Any CPU
		{38EDB442-6DA9-4027-910B-36DEE37A49FD}.Debug|Any CPU.Build.0 = Debug|Any CPU
		{38EDB442-6DA9-4027-910B-36DEE37A49FD}.Release|Any CPU.ActiveCfg = Release|Any CPU
		{38EDB442-6DA9-4027-910B-36DEE37A49FD}.Release|Any CPU.Build.0 = Release|Any CPU
	EndGlobalSection
	GlobalSection(SolutionProperties) = preSolution
		HideSolutionNode = FALSE
	EndGlobalSection
	GlobalSection(ExtensibilityGlobals) = postSolution
		SolutionGuid = {DDFB9F66-1DBF-48BE-AE35-7C29D6989FC8}
	EndGlobalSection
EndGlobal
