
Microsoft Visual Studio Solution File, Format Version 12.00
# Visual Studio Version 17
VisualStudioVersion = 17.4.33110.190
MinimumVisualStudioVersion = 10.0.40219.1
Project("{FAE04EC0-301F-11D3-BF4B-00C04F79EFBC}") = "LFEnergy", "LFEnergy.csproj", "{38EDB442-6DA9-4027-910B-36DEE37A49FD}"
EndProject
Global
	GlobalSection(SolutionConfigurationPlatforms) = preSolution
		Debug|Any CPU = Debug|Any CPU
		Release|Any CPU = Release|Any CPU
	EndGlobalSection
	GlobalSection(ProjectConfigurationPlatforms) = postSolution
		{38EDB442-6DA9-4027-910B-36DEE37A49FD}.Debug|Any CPU.ActiveCfg = Debug|Any CPU
		{38EDB442-6DA9-4027-910B-36DEE37A49FD}.Debug|Any CPU.Build.0 = Debug|Any CPU
		{38EDB442-6DA9-4027-910B-36DEE37A49FD}.Release|Any CPU.ActiveCfg = Release|Any CPU
		{38EDB442-6DA9-4027-910B-36DEE37A49FD}.Release|Any CPU.Build.0 = Release|Any CPU
	EndGlobalSection
	GlobalSection(SolutionProperties) = preSolution
		HideSolutionNode = FALSE
	EndGlobalSection
	GlobalSection(ExtensibilityGlobals) = postSolution
		SolutionGuid = {DDFB9F66-1DBF-48BE-AE35-7C29D6989FC8}
	EndGlobalSection
EndGlobal
